
Microsoft Visual Studio Solution File, Format Version 12.00
# Visual Studio Version 16
VisualStudioVersion = 16.0.30907.101
MinimumVisualStudioVersion = 10.0.40219.1
Project("{FAE04EC0-301F-11D3-BF4B-00C04F79EFBC}") = "HFC Two_Decks", "HFC Two_Decks\HFC Two_Decks.csproj", "{EB325580-80B8-47DB-B6F5-B85014B74120}"
EndProject
Global
	GlobalSection(SolutionConfigurationPlatforms) = preSolution
		Debug|Any CPU = Debug|Any CPU
		Release|Any CPU = Release|Any CPU
	EndGlobalSection
	GlobalSection(ProjectConfigurationPlatforms) = postSolution
		{EB325580-80B8-47DB-B6F5-B85014B74120}.Debug|Any CPU.ActiveCfg = Debug|Any CPU
		{EB325580-80B8-47DB-B6F5-B85014B74120}.Debug|Any CPU.Build.0 = Debug|Any CPU
		{EB325580-80B8-47DB-B6F5-B85014B74120}.Release|Any CPU.ActiveCfg = Release|Any CPU
		{EB325580-80B8-47DB-B6F5-B85014B74120}.Release|Any CPU.Build.0 = Release|Any CPU
	EndGlobalSection
	GlobalSection(SolutionProperties) = preSolution
		HideSolutionNode = FALSE
	EndGlobalSection
	GlobalSection(ExtensibilityGlobals) = postSolution
		SolutionGuid = {35DB6BF2-8138-47A2-A0F9-D8BB86DF2832}
	EndGlobalSection
EndGlobal
